
Microsoft Visual Studio Solution File, Format Version 12.00
# Visual Studio Version 17
VisualStudioVersion = 17.13.35825.156 d17.13
MinimumVisualStudioVersion = 10.0.40219.1
Project("{FAE04EC0-301F-11D3-BF4B-00C04F79EFBC}") = "RedisCachingApp", "RedisCachingApp.csproj", "{D440836C-7423-4407-9F75-B05264669B89}"
EndProject
Global
	GlobalSection(SolutionConfigurationPlatforms) = preSolution
		Debug|Any CPU = Debug|Any CPU
		Release|Any CPU = Release|Any CPU
	EndGlobalSection
	GlobalSection(ProjectConfigurationPlatforms) = postSolution
		{D440836C-7423-4407-9F75-B05264669B89}.Debug|Any CPU.ActiveCfg = Debug|Any CPU
		{D440836C-7423-4407-9F75-B05264669B89}.Debug|Any CPU.Build.0 = Debug|Any CPU
		{D440836C-7423-4407-9F75-B05264669B89}.Release|Any CPU.ActiveCfg = Release|Any CPU
		{D440836C-7423-4407-9F75-B05264669B89}.Release|Any CPU.Build.0 = Release|Any CPU
	EndGlobalSection
	GlobalSection(SolutionProperties) = preSolution
		HideSolutionNode = FALSE
	EndGlobalSection
	GlobalSection(ExtensibilityGlobals) = postSolution
		SolutionGuid = {064C257F-167F-4BB8-B249-62D42C775B68}
	EndGlobalSection
EndGlobal
